
Microsoft Visual Studio Solution File, Format Version 12.00
# Visual Studio Version 16
VisualStudioVersion = 16.0.31605.320
MinimumVisualStudioVersion = 10.0.40219.1
Project("{FAE04EC0-301F-11D3-BF4B-00C04F79EFBC}") = "SfDataGridDemo", "SfDataGridDemo.csproj", "{A252C7CB-372A-4668-B4A0-83F158FE7A6D}"
EndProject
Global
	GlobalSection(SolutionConfigurationPlatforms) = preSolution
		Debug|Any CPU = Debug|Any CPU
		Release|Any CPU = Release|Any CPU
	EndGlobalSection
	GlobalSection(ProjectConfigurationPlatforms) = postSolution
		{A252C7CB-372A-4668-B4A0-83F158FE7A6D}.Debug|Any CPU.ActiveCfg = Debug|Any CPU
		{A252C7CB-372A-4668-B4A0-83F158FE7A6D}.Debug|Any CPU.Build.0 = Debug|Any CPU
		{A252C7CB-372A-4668-B4A0-83F158FE7A6D}.Release|Any CPU.ActiveCfg = Release|Any CPU
		{A252C7CB-372A-4668-B4A0-83F158FE7A6D}.Release|Any CPU.Build.0 = Release|Any CPU
	EndGlobalSection
	GlobalSection(SolutionProperties) = preSolution
		HideSolutionNode = FALSE
	EndGlobalSection
	GlobalSection(ExtensibilityGlobals) = postSolution
		SolutionGuid = {A9351481-F181-41C4-96A3-414472F82897}
	EndGlobalSection
EndGlobal
